{
  "name": "@aaronsheldon/bookmarkdb",
  "version": "1.0.0",
  "lockfileVersion": 3,
  "requires": true,
  "packages": {
    "": {
      "name": "@aaronsheldon/bookmarkdb",
      "version": "1.0.0",
      "license": "ISC",
      "dependencies": {
        "@aaronsheldon/mirrormap": "file:../../@aaronsheldon/MirrorMap"
      }
    },
    "../MirrorMap": {
      "version": "1.0.0",
      "license": "ISC"
    },
    "node_modules/@aaronsheldon/mirrormap": {
      "resolved": "../MirrorMap",
      "link": true
    }
  }
}
