{
  "name": "@aaronsheldon/bookmarkdb",
  "version": "0.0.1",
  "lockfileVersion": 3,
  "requires": true,
  "packages": {
    "": {
      "name": "@aaronsheldon/bookmarkdb",
      "version": "0.0.1",
      "license": "MIT",
      "dependencies": {
        "@aaronsheldon/mirrormap": "latest"
      }
    },
    "node_modules/@aaronsheldon/mirrormap": {
      "version": "0.0.1",
      "resolved": "https://registry.npmjs.org/@aaronsheldon/mirrormap/-/mirrormap-0.0.1.tgz",
      "integrity": "sha512-MV8BETzNp82DiLIqUtvR+QvuhXMGCv+Lp1zsY+02etpEu6/F1VAM3BrPYfdqa6wruf99rC1om1Ix6rRLX0gqDA=="
    }
  }
}
